
Microsoft Visual Studio Solution File, Format Version 12.00
# Visual Studio 2013
VisualStudioVersion = 12.0.21005.1
MinimumVisualStudioVersion = 10.0.40219.1
Project("{FAE04EC0-301F-11D3-BF4B-00C04F79EFBC}") = "SimplifiedCircle", "SimplifiedCircle\SimplifiedCircle.csproj", "{C09AFECA-81CC-4446-8072-677A413CBA3C}"
EndProject
Project("{FAE04EC0-301F-11D3-BF4B-00C04F79EFBC}") = "TheRectangle", "TheRectangle\TheRectangle.csproj", "{3838AD88-FB58-4BA7-BBC4-CA65F89C2A2F}"
EndProject
Project("{FAE04EC0-301F-11D3-BF4B-00C04F79EFBC}") = "TheEmployee", "TheEmployee\TheEmployee.csproj", "{83003746-35D4-4594-9CDF-35BCF4454ED9}"
EndProject
Global
	GlobalSection(SolutionConfigurationPlatforms) = preSolution
		Debug|Any CPU = Debug|Any CPU
		Release|Any CPU = Release|Any CPU
	EndGlobalSection
	GlobalSection(ProjectConfigurationPlatforms) = postSolution
		{C09AFECA-81CC-4446-8072-677A413CBA3C}.Debug|Any CPU.ActiveCfg = Debug|Any CPU
		{C09AFECA-81CC-4446-8072-677A413CBA3C}.Debug|Any CPU.Build.0 = Debug|Any CPU
		{C09AFECA-81CC-4446-8072-677A413CBA3C}.Release|Any CPU.ActiveCfg = Release|Any CPU
		{C09AFECA-81CC-4446-8072-677A413CBA3C}.Release|Any CPU.Build.0 = Release|Any CPU
		{3838AD88-FB58-4BA7-BBC4-CA65F89C2A2F}.Debug|Any CPU.ActiveCfg = Debug|Any CPU
		{3838AD88-FB58-4BA7-BBC4-CA65F89C2A2F}.Debug|Any CPU.Build.0 = Debug|Any CPU
		{3838AD88-FB58-4BA7-BBC4-CA65F89C2A2F}.Release|Any CPU.ActiveCfg = Release|Any CPU
		{3838AD88-FB58-4BA7-BBC4-CA65F89C2A2F}.Release|Any CPU.Build.0 = Release|Any CPU
		{83003746-35D4-4594-9CDF-35BCF4454ED9}.Debug|Any CPU.ActiveCfg = Debug|Any CPU
		{83003746-35D4-4594-9CDF-35BCF4454ED9}.Debug|Any CPU.Build.0 = Debug|Any CPU
		{83003746-35D4-4594-9CDF-35BCF4454ED9}.Release|Any CPU.ActiveCfg = Release|Any CPU
		{83003746-35D4-4594-9CDF-35BCF4454ED9}.Release|Any CPU.Build.0 = Release|Any CPU
	EndGlobalSection
	GlobalSection(SolutionProperties) = preSolution
		HideSolutionNode = FALSE
	EndGlobalSection
EndGlobal
